<?xml version="1.0" encoding="utf-8"?>
<Project ToolsVersion="4.0" xmlns="http://schemas.microsoft.com/developer/msbuild/2003">
  <ItemGroup>
    <Filter Include="Source Files">
      <UniqueIdentifier>{4FC737F1-C7A5-4376-A066-2A32D752A2FF}</UniqueIdentifier>
      <Extensions>cpp;c;cc;cxx;def;odl;idl;hpj;bat;asm;asmx</Extensions>
    </Filter>
    <Filter Include="Header Files">
      <UniqueIdentifier>{93995380-89BD-4b04-88EB-625FBE52EBFB}</UniqueIdentifier>
      <Extensions>h;hh;hpp;hxx;hm;inl;inc;ipp;xsd</Extensions>
    </Filter>
    <Filter Include="Resource Files">
      <UniqueIdentifier>{67DA6AB6-F800-4c08-8B7A-83BB121AAD01}</UniqueIdentifier>
      <Extensions>rc;ico;cur;bmp;dlg;rc2;rct;bin;rgs;gif;jpg;jpeg;jpe;resx;tiff;tif;png;wav;mfcribbon-ms</Extensions>
    </Filter>
    <Filter Include="Shaders">
      <UniqueIdentifier>{8a6385cf-e06c-46e1-9769-3fb8c96671b5}</UniqueIdentifier>
    </Filter>
    <Filter Include="Source Files\Shaders">
      <UniqueIdentifier>{fd1f1084-a6b7-491a-ada4-534195d76263}</UniqueIdentifier>
    </Filter>
    <Filter Include="Source Files\BMP">
      <UniqueIdentifier>{377a79b3-4945-4d1e-9760-5277fb5413a0}</UniqueIdentifier>
    </Filter>
    <Filter Include="Source Files\System">
      <UniqueIdentifier>{cf405179-a8e6-467d-925e-ab895368ce04}</UniqueIdentifier>
    </Filter>
    <Filter Include="Header Files\System">
      <UniqueIdentifier>{c6720e19-da7b-4f32-bfbe-117e84e5124f}</UniqueIdentifier>
    </Filter>
    <Filter Include="Header Files\BMP">
      <UniqueIdentifier>{ec4682ef-13b1-466b-97db-0f040c6fe96e}</UniqueIdentifier>
    </Filter>
    <Filter Include="Header Files\Shaders">
      <UniqueIdentifier>{3539a608-bb12-4f2b-94f8-f2e728139a4d}</UniqueIdentifier>
    </Filter>
    <Filter Include="Header Files\Other">
      <UniqueIdentifier>{7bfc4215-92cd-4553-b327-3e7c7187c194}</UniqueIdentifier>
    </Filter>
    <Filter Include="Source Files\Other">
      <UniqueIdentifier>{714ff49c-1de3-49ba-874e-154d333eb60e}</UniqueIdentifier>
    </Filter>
  </ItemGroup>
  <ItemGroup>
    <ResourceCompile Include="WinDesktopApp.rc">
      <Filter>Resource Files</Filter>
    </ResourceCompile>
  </ItemGroup>
  <ItemGroup>
    <Image Include="small.ico">
      <Filter>Resource Files</Filter>
    </Image>
    <Image Include="WinDesktopApp.ico">
      <Filter>Resource Files</Filter>
    </Image>
  </ItemGroup>
  <ItemGroup>
    <ClCompile Include="ColorShader.cpp">
      <Filter>Source Files\Shaders</Filter>
    </ClCompile>
    <ClCompile Include="Model.cpp">
      <Filter>Source Files</Filter>
    </ClCompile>
    <ClCompile Include="Camera.cpp">
      <Filter>Source Files</Filter>
    </ClCompile>
    <ClCompile Include="TextureShader.cpp">
      <Filter>Source Files\Shaders</Filter>
    </ClCompile>
    <ClCompile Include="ShaderBase.cpp">
      <Filter>Source Files\Shaders</Filter>
    </ClCompile>
    <ClCompile Include="Texture.cpp">
      <Filter>Source Files</Filter>
    </ClCompile>
    <ClCompile Include="BMP_Image.cpp">
      <Filter>Source Files\BMP</Filter>
    </ClCompile>
    <ClCompile Include="D3D.cpp">
      <Filter>Source Files\System</Filter>
    </ClCompile>
    <ClCompile Include="Debug.cpp">
      <Filter>Source Files\System</Filter>
    </ClCompile>
    <ClCompile Include="Globals.cpp">
      <Filter>Source Files\System</Filter>
    </ClCompile>
    <ClCompile Include="Graphics.cpp">
      <Filter>Source Files\System</Filter>
    </ClCompile>
    <ClCompile Include="Input.cpp">
      <Filter>Source Files\System</Filter>
    </ClCompile>
    <ClCompile Include="main.cpp">
      <Filter>Source Files\System</Filter>
    </ClCompile>
    <ClCompile Include="Settings.cpp">
      <Filter>Source Files\System</Filter>
    </ClCompile>
    <ClCompile Include="System.cpp">
      <Filter>Source Files\System</Filter>
    </ClCompile>
    <ClCompile Include="Time.cpp">
      <Filter>Source Files\System</Filter>
    </ClCompile>
    <ClCompile Include="stdafx.cpp">
      <Filter>Source Files\Other</Filter>
    </ClCompile>
    <ClCompile Include="ShaderManager.cpp">
      <Filter>Source Files</Filter>
    </ClCompile>
    <ClCompile Include="Position.cpp">
      <Filter>Source Files</Filter>
    </ClCompile>
    <ClCompile Include="Font.cpp">
      <Filter>Source Files</Filter>
    </ClCompile>
    <ClCompile Include="Terrain.cpp">
      <Filter>Source Files</Filter>
    </ClCompile>
    <ClCompile Include="Zone.cpp">
      <Filter>Source Files</Filter>
    </ClCompile>
    <ClCompile Include="UserInterface.cpp">
      <Filter>Source Files</Filter>
    </ClCompile>
    <ClCompile Include="Text.cpp">
      <Filter>Source Files</Filter>
    </ClCompile>
    <ClCompile Include="FontShader.cpp">
      <Filter>Source Files\Shaders</Filter>
    </ClCompile>
  </ItemGroup>
  <ItemGroup>
    <ClInclude Include="Model.h">
      <Filter>Header Files</Filter>
    </ClInclude>
    <ClInclude Include="Camera.h">
      <Filter>Header Files</Filter>
    </ClInclude>
    <ClInclude Include="Texture.h">
      <Filter>Header Files</Filter>
    </ClInclude>
    <ClInclude Include="BMP_Image.h">
      <Filter>Header Files\BMP</Filter>
    </ClInclude>
    <ClInclude Include="D3D.h">
      <Filter>Header Files\System</Filter>
    </ClInclude>
    <ClInclude Include="Debug.h">
      <Filter>Header Files\System</Filter>
    </ClInclude>
    <ClInclude Include="Globals.h">
      <Filter>Header Files\System</Filter>
    </ClInclude>
    <ClInclude Include="Graphics.h">
      <Filter>Header Files\System</Filter>
    </ClInclude>
    <ClInclude Include="Input.h">
      <Filter>Header Files\System</Filter>
    </ClInclude>
    <ClInclude Include="ColorShader.h">
      <Filter>Header Files\Shaders</Filter>
    </ClInclude>
    <ClInclude Include="ShaderBase.h">
      <Filter>Header Files\Shaders</Filter>
    </ClInclude>
    <ClInclude Include="TextureShader.h">
      <Filter>Header Files\Shaders</Filter>
    </ClInclude>
    <ClInclude Include="Time.h">
      <Filter>Header Files\System</Filter>
    </ClInclude>
    <ClInclude Include="System.h">
      <Filter>Header Files\System</Filter>
    </ClInclude>
    <ClInclude Include="Settings.h">
      <Filter>Header Files\System</Filter>
    </ClInclude>
    <ClInclude Include="stdafx.h">
      <Filter>Header Files\Other</Filter>
    </ClInclude>
    <ClInclude Include="targetver.h">
      <Filter>Header Files\Other</Filter>
    </ClInclude>
    <ClInclude Include="Resource.h">
      <Filter>Header Files\Other</Filter>
    </ClInclude>
    <ClInclude Include="ShaderManager.h">
      <Filter>Header Files</Filter>
    </ClInclude>
    <ClInclude Include="UserInterface.h">
      <Filter>Header Files</Filter>
    </ClInclude>
    <ClInclude Include="Position.h">
      <Filter>Header Files</Filter>
    </ClInclude>
    <ClInclude Include="Terrain.h">
      <Filter>Header Files</Filter>
    </ClInclude>
    <ClInclude Include="Font.h">
      <Filter>Header Files</Filter>
    </ClInclude>
    <ClInclude Include="Zone.h">
      <Filter>Header Files</Filter>
    </ClInclude>
    <ClInclude Include="Text.h">
      <Filter>Header Files</Filter>
    </ClInclude>
    <ClInclude Include="FontShader.h">
      <Filter>Header Files\Shaders</Filter>
    </ClInclude>
    <ClInclude Include="Defines.h">
      <Filter>Header Files\System</Filter>
    </ClInclude>
  </ItemGroup>
  <ItemGroup>
    <FxCompile Include="Shaders\Color_PS.hlsl">
      <Filter>Shaders</Filter>
    </FxCompile>
    <FxCompile Include="Shaders\Color_VS.hlsl">
      <Filter>Shaders</Filter>
    </FxCompile>
    <FxCompile Include="Shaders\Texture_VS.hlsl">
      <Filter>Shaders</Filter>
    </FxCompile>
    <FxCompile Include="Shaders\Texture_PS.hlsl">
      <Filter>Shaders</Filter>
    </FxCompile>
    <FxCompile Include="Shaders\Font_PS.hlsl">
      <Filter>Shaders</Filter>
    </FxCompile>
  </ItemGroup>
</Project>